
Microsoft Visual Studio Solution File, Format Version 12.00
# Visual Studio Version 17
VisualStudioVersion = 17.0.32112.339
MinimumVisualStudioVersion = 10.0.40219.1
Project("{9A19103F-16F7-4668-BE54-9A1E7A4F7556}") = "WorldServer", "Servers\WorldServer\WorldServer.csproj", "{B792B6A7-F903-4CDE-BF46-5440CC472CA0}"
EndProject
Project("{9A19103F-16F7-4668-BE54-9A1E7A4F7556}") = "AuthServer", "Servers\AuthServer\AuthServer.csproj", "{B37E87ED-246A-4098-AA95-0C1085A207A2}"
EndProject
Project("{9A19103F-16F7-4668-BE54-9A1E7A4F7556}") = "OperationServer", "Servers\OperationServer\OperationServer.csproj", "{A2F2DA88-DA30-4E78-A5C8-C8F4A6FA02B7}"
EndProject
Project("{2150E333-8FDC-42A3-9474-1A3956D46DE8}") = "Solution Items", "Solution Items", "{46E65E11-DE9A-4AAE-970B-7EE4375FE00C}"
	ProjectSection(SolutionItems) = preProject
		.editorconfig = .editorconfig
		stylecop.json = stylecop.json
	EndProjectSection
EndProject
Project("{9A19103F-16F7-4668-BE54-9A1E7A4F7556}") = "AuthDb", "Libraries\AuthDb\AuthDb.csproj", "{1E41E057-9090-46A8-9C1F-469AC1916988}"
EndProject
Project("{9A19103F-16F7-4668-BE54-9A1E7A4F7556}") = "CommonLibrary", "Libraries\CommonLibrary\CommonLibrary.csproj", "{F9CE4105-FF02-4905-BD41-2298E253D75B}"
EndProject
Project("{FAE04EC0-301F-11D3-BF4B-00C04F79EFBC}") = "AuthServer.Test", "UnitTests\AuthServer.Test\AuthServer.Test.csproj", "{B7242E5A-9F6D-47AC-9F09-9F73F6164174}"
EndProject
Project("{FAE04EC0-301F-11D3-BF4B-00C04F79EFBC}") = "AuthLibrary", "Libraries\AuthLibrary\AuthLibrary.csproj", "{AE4C84D4-A55C-4788-AA28-D202952DF0D3}"
EndProject
Project("{FAE04EC0-301F-11D3-BF4B-00C04F79EFBC}") = "ExcelToCsv.Test", "UnitTests\ExcelToCsv.Test\ExcelToCsv.Test.csproj", "{FF3D7095-ECE4-4F71-B896-7AEB267CB590}"
EndProject
Project("{FAE04EC0-301F-11D3-BF4B-00C04F79EFBC}") = "StaticDataLibrary", "Libraries\StaticDataLibrary\StaticDataLibrary.csproj", "{16001A73-C971-46EF-A46D-CDDF464567E4}"
EndProject
Project("{FAE04EC0-301F-11D3-BF4B-00C04F79EFBC}") = "StaticDataLibrary.Test", "UnitTests\StaticDataLibrary.Test\StaticDataLibrary.Test.csproj", "{5F111CCE-621B-4D67-AD4A-4B602A3EAD19}"
EndProject
Project("{FAE04EC0-301F-11D3-BF4B-00C04F79EFBC}") = "ExcelToCsvWithLibrary", "Tools\ExcelToCsvWithLibrary\ExcelToCsvWithLibrary.csproj", "{3DDCFC08-DA4C-4C9E-8DE8-DABC349E33C0}"
EndProject
Project("{FAE04EC0-301F-11D3-BF4B-00C04F79EFBC}") = "ExcelToCsvWithFile", "Tools\ExcelToCsvWithFile\ExcelToCsvWithFile.csproj", "{B3164F68-7F4A-427E-8ACC-1355C7828002}"
EndProject
Project("{FAE04EC0-301F-11D3-BF4B-00C04F79EFBC}") = "CsvLoadTester", "Tools\CsvLoadTester\CsvLoadTester.csproj", "{A51586E1-ABF0-4D12-98D1-6982ECB0CADE}"
EndProject
Project("{FAE04EC0-301F-11D3-BF4B-00C04F79EFBC}") = "WorldDb", "Libraries\WorldDb\WorldDb.csproj", "{A1EFC8C8-CD44-4551-8CC2-C3C43041E1F0}"
EndProject
Global
	GlobalSection(SolutionConfigurationPlatforms) = preSolution
		Debug|Any CPU = Debug|Any CPU
		Release|Any CPU = Release|Any CPU
	EndGlobalSection
	GlobalSection(ProjectConfigurationPlatforms) = postSolution
		{B792B6A7-F903-4CDE-BF46-5440CC472CA0}.Debug|Any CPU.ActiveCfg = Debug|Any CPU
		{B792B6A7-F903-4CDE-BF46-5440CC472CA0}.Debug|Any CPU.Build.0 = Debug|Any CPU
		{B792B6A7-F903-4CDE-BF46-5440CC472CA0}.Release|Any CPU.ActiveCfg = Release|Any CPU
		{B792B6A7-F903-4CDE-BF46-5440CC472CA0}.Release|Any CPU.Build.0 = Release|Any CPU
		{B37E87ED-246A-4098-AA95-0C1085A207A2}.Debug|Any CPU.ActiveCfg = Debug|Any CPU
		{B37E87ED-246A-4098-AA95-0C1085A207A2}.Debug|Any CPU.Build.0 = Debug|Any CPU
		{B37E87ED-246A-4098-AA95-0C1085A207A2}.Release|Any CPU.ActiveCfg = Release|Any CPU
		{B37E87ED-246A-4098-AA95-0C1085A207A2}.Release|Any CPU.Build.0 = Release|Any CPU
		{A2F2DA88-DA30-4E78-A5C8-C8F4A6FA02B7}.Debug|Any CPU.ActiveCfg = Debug|Any CPU
		{A2F2DA88-DA30-4E78-A5C8-C8F4A6FA02B7}.Debug|Any CPU.Build.0 = Debug|Any CPU
		{A2F2DA88-DA30-4E78-A5C8-C8F4A6FA02B7}.Release|Any CPU.ActiveCfg = Release|Any CPU
		{A2F2DA88-DA30-4E78-A5C8-C8F4A6FA02B7}.Release|Any CPU.Build.0 = Release|Any CPU
		{1E41E057-9090-46A8-9C1F-469AC1916988}.Debug|Any CPU.ActiveCfg = Debug|Any CPU
		{1E41E057-9090-46A8-9C1F-469AC1916988}.Debug|Any CPU.Build.0 = Debug|Any CPU
		{1E41E057-9090-46A8-9C1F-469AC1916988}.Release|Any CPU.ActiveCfg = Release|Any CPU
		{1E41E057-9090-46A8-9C1F-469AC1916988}.Release|Any CPU.Build.0 = Release|Any CPU
		{F9CE4105-FF02-4905-BD41-2298E253D75B}.Debug|Any CPU.ActiveCfg = Debug|Any CPU
		{F9CE4105-FF02-4905-BD41-2298E253D75B}.Debug|Any CPU.Build.0 = Debug|Any CPU
		{F9CE4105-FF02-4905-BD41-2298E253D75B}.Release|Any CPU.ActiveCfg = Release|Any CPU
		{F9CE4105-FF02-4905-BD41-2298E253D75B}.Release|Any CPU.Build.0 = Release|Any CPU
		{B7242E5A-9F6D-47AC-9F09-9F73F6164174}.Debug|Any CPU.ActiveCfg = Debug|Any CPU
		{B7242E5A-9F6D-47AC-9F09-9F73F6164174}.Debug|Any CPU.Build.0 = Debug|Any CPU
		{B7242E5A-9F6D-47AC-9F09-9F73F6164174}.Release|Any CPU.ActiveCfg = Release|Any CPU
		{B7242E5A-9F6D-47AC-9F09-9F73F6164174}.Release|Any CPU.Build.0 = Release|Any CPU
		{AE4C84D4-A55C-4788-AA28-D202952DF0D3}.Debug|Any CPU.ActiveCfg = Debug|Any CPU
		{AE4C84D4-A55C-4788-AA28-D202952DF0D3}.Debug|Any CPU.Build.0 = Debug|Any CPU
		{AE4C84D4-A55C-4788-AA28-D202952DF0D3}.Release|Any CPU.ActiveCfg = Release|Any CPU
		{AE4C84D4-A55C-4788-AA28-D202952DF0D3}.Release|Any CPU.Build.0 = Release|Any CPU
		{FF3D7095-ECE4-4F71-B896-7AEB267CB590}.Debug|Any CPU.ActiveCfg = Debug|Any CPU
		{FF3D7095-ECE4-4F71-B896-7AEB267CB590}.Debug|Any CPU.Build.0 = Debug|Any CPU
		{FF3D7095-ECE4-4F71-B896-7AEB267CB590}.Release|Any CPU.ActiveCfg = Release|Any CPU
		{FF3D7095-ECE4-4F71-B896-7AEB267CB590}.Release|Any CPU.Build.0 = Release|Any CPU
		{5F111CCE-621B-4D67-AD4A-4B602A3EAD19}.Debug|Any CPU.ActiveCfg = Debug|Any CPU
		{5F111CCE-621B-4D67-AD4A-4B602A3EAD19}.Debug|Any CPU.Build.0 = Debug|Any CPU
		{5F111CCE-621B-4D67-AD4A-4B602A3EAD19}.Release|Any CPU.ActiveCfg = Release|Any CPU
		{5F111CCE-621B-4D67-AD4A-4B602A3EAD19}.Release|Any CPU.Build.0 = Release|Any CPU
		{3DDCFC08-DA4C-4C9E-8DE8-DABC349E33C0}.Debug|Any CPU.ActiveCfg = Debug|Any CPU
		{3DDCFC08-DA4C-4C9E-8DE8-DABC349E33C0}.Debug|Any CPU.Build.0 = Debug|Any CPU
		{3DDCFC08-DA4C-4C9E-8DE8-DABC349E33C0}.Release|Any CPU.ActiveCfg = Release|Any CPU
		{3DDCFC08-DA4C-4C9E-8DE8-DABC349E33C0}.Release|Any CPU.Build.0 = Release|Any CPU
		{B3164F68-7F4A-427E-8ACC-1355C7828002}.Debug|Any CPU.ActiveCfg = Debug|Any CPU
		{B3164F68-7F4A-427E-8ACC-1355C7828002}.Debug|Any CPU.Build.0 = Debug|Any CPU
		{B3164F68-7F4A-427E-8ACC-1355C7828002}.Release|Any CPU.ActiveCfg = Release|Any CPU
		{B3164F68-7F4A-427E-8ACC-1355C7828002}.Release|Any CPU.Build.0 = Release|Any CPU
		{A51586E1-ABF0-4D12-98D1-6982ECB0CADE}.Debug|Any CPU.ActiveCfg = Debug|Any CPU
		{A51586E1-ABF0-4D12-98D1-6982ECB0CADE}.Debug|Any CPU.Build.0 = Debug|Any CPU
		{A51586E1-ABF0-4D12-98D1-6982ECB0CADE}.Release|Any CPU.ActiveCfg = Release|Any CPU
		{A51586E1-ABF0-4D12-98D1-6982ECB0CADE}.Release|Any CPU.Build.0 = Release|Any CPU
		{A1EFC8C8-CD44-4551-8CC2-C3C43041E1F0}.Debug|Any CPU.ActiveCfg = Debug|Any CPU
		{A1EFC8C8-CD44-4551-8CC2-C3C43041E1F0}.Debug|Any CPU.Build.0 = Debug|Any CPU
		{A1EFC8C8-CD44-4551-8CC2-C3C43041E1F0}.Release|Any CPU.ActiveCfg = Release|Any CPU
		{A1EFC8C8-CD44-4551-8CC2-C3C43041E1F0}.Release|Any CPU.Build.0 = Release|Any CPU
	EndGlobalSection
	GlobalSection(SolutionProperties) = preSolution
		HideSolutionNode = FALSE
	EndGlobalSection
	GlobalSection(ExtensibilityGlobals) = postSolution
		SolutionGuid = {C4DEBA43-1E9A-44D2-A465-AFED7769CCFE}
	EndGlobalSection
EndGlobal
